{
  "object": {
    "pins": [
      {
        "package": "FileCheck",
        "repositoryURL": "https://github.com/llvm-swift/FileCheck.git",
        "state": {
          "branch": null,
          "revision": "34ea75a35780396a2cfa5019ec799879b48dd960",
          "version": "0.0.6"
        }
      },
      {
        "package": "LLVM",
        "repositoryURL": "https://github.com/trill-lang/LLVMSwift",
        "state": {
          "branch": null,
          "revision": "adc94d2a3e24913c88980ba00e81502f47f7bd33",
          "version": "0.2.2"
        }
      },
      {
        "package": "OrbitCompilerUtils",
        "repositoryURL": "https://github.com/daviejaneway/OrbitCompilerUtils.git",
        "state": {
          "branch": null,
          "revision": "72431a7afd1f88d2f35fc428ad0e2fc9358418aa",
          "version": "0.0.3"
        }
      },
      {
        "package": "OrbitFrontend",
        "repositoryURL": "https://github.com/daviejaneway/OrbitFrontend.git",
        "state": {
          "branch": null,
          "revision": "68328bdd5d5ec351df6be3bad18a59f25d05f671",
          "version": "0.0.65"
        }
      },
      {
        "package": "SwiftyJSON",
        "repositoryURL": "https://github.com/SwiftyJSON/SwiftyJSON.git",
        "state": {
          "branch": null,
          "revision": "de309166a48a9dfc51d5bc4c55c0664d981de311",
          "version": "4.0.0"
        }
      },
      {
        "package": "cllvm",
        "repositoryURL": "https://github.com/llvm-swift/cllvm.git",
        "state": {
          "branch": null,
          "revision": "e85a8ebe9f45cff9fa31b43c32662318232b392a",
          "version": "0.0.3"
        }
      }
    ]
  },
  "version": 1
}
