{
  "object": {
    "pins": [
      {
        "package": "cllvm",
        "repositoryURL": "https://github.com/llvm-swift/cllvm.git",
        "state": {
          "branch": null,
          "revision": "e3b750e75df1c33ddb1e1d391c6c78640baf404f",
          "version": "0.0.7"
        }
      },
      {
        "package": "FileCheck",
        "repositoryURL": "https://github.com/llvm-swift/FileCheck.git",
        "state": {
          "branch": null,
          "revision": "e5871587ddf85c0bcf84f773925655f2f83ef336",
          "version": "0.0.7"
        }
      },
      {
        "package": "LLVM",
        "repositoryURL": "https://github.com/trill-lang/LLVMSwift",
        "state": {
          "branch": null,
          "revision": "a9581c749206334cdd76efc431c4d5081cbad2f7",
          "version": "0.2.3"
        }
      },
      {
        "package": "OrbitCompilerUtils",
        "repositoryURL": "https://github.com/daviejaneway/OrbitCompilerUtils.git",
        "state": {
          "branch": null,
          "revision": "4f1c522e5bb086bbe9033b4ff0918aa23873e6cd",
          "version": "0.0.16"
        }
      },
      {
        "package": "OrbitFrontend",
        "repositoryURL": "https://github.com/daviejaneway/OrbitFrontend.git",
        "state": {
          "branch": null,
          "revision": "044170659d2803de1f88bd1401dfe4325efe2cd6",
          "version": "0.0.87"
        }
      },
      {
        "package": "SwiftyJSON",
        "repositoryURL": "https://github.com/SwiftyJSON/SwiftyJSON.git",
        "state": {
          "branch": null,
          "revision": "184c6884998c41f71a73c459f9b525b7121be846",
          "version": "4.2.0"
        }
      }
    ]
  },
  "version": 1
}
